
Microsoft Visual Studio Solution File, Format Version 12.00
# Visual Studio Version 16
VisualStudioVersion = 16.0.31005.135
MinimumVisualStudioVersion = 10.0.40219.1
Project("{FAE04EC0-301F-11D3-BF4B-00C04F79EFBC}") = "atestatnou", "atestatnou\atestatnou.csproj", "{C54182CC-9135-4DF7-AF71-D8ADF69C2FBB}"
EndProject
Global
	GlobalSection(SolutionConfigurationPlatforms) = preSolution
		Debug|Any CPU = Debug|Any CPU
		Release|Any CPU = Release|Any CPU
	EndGlobalSection
	GlobalSection(ProjectConfigurationPlatforms) = postSolution
		{C54182CC-9135-4DF7-AF71-D8ADF69C2FBB}.Debug|Any CPU.ActiveCfg = Debug|Any CPU
		{C54182CC-9135-4DF7-AF71-D8ADF69C2FBB}.Debug|Any CPU.Build.0 = Debug|Any CPU
		{C54182CC-9135-4DF7-AF71-D8ADF69C2FBB}.Release|Any CPU.ActiveCfg = Release|Any CPU
		{C54182CC-9135-4DF7-AF71-D8ADF69C2FBB}.Release|Any CPU.Build.0 = Release|Any CPU
	EndGlobalSection
	GlobalSection(SolutionProperties) = preSolution
		HideSolutionNode = FALSE
	EndGlobalSection
	GlobalSection(ExtensibilityGlobals) = postSolution
		SolutionGuid = {0815062A-7DB1-4790-B71E-63BFE7C87CD3}
	EndGlobalSection
EndGlobal
